
Microsoft Visual Studio Solution File, Format Version 12.00
# Visual Studio Version 17
VisualStudioVersion = 17.0.31903.59
MinimumVisualStudioVersion = 10.0.40219.1
Project("{FAE04EC0-301F-11D3-BF4B-00C04F79EFBC}") = "HomeNetDaemon.Core", "HomeNetDaemon.Core\HomeNetDaemon.Core.csproj", "{0A0D8377-8C65-45F8-BFEA-43E67FC64BB0}"
EndProject
Project("{FAE04EC0-301F-11D3-BF4B-00C04F79EFBC}") = "HomeNetDaemon.Access", "HomeNetDaemon.Access\HomeNetDaemon.Access.csproj", "{36B2D4C6-AA14-4F97-A1F9-AE7CDF928AD4}"
EndProject
Global
	GlobalSection(SolutionConfigurationPlatforms) = preSolution
		Debug|Any CPU = Debug|Any CPU
		Release|Any CPU = Release|Any CPU
	EndGlobalSection
	GlobalSection(ProjectConfigurationPlatforms) = postSolution
		{0A0D8377-8C65-45F8-BFEA-43E67FC64BB0}.Debug|Any CPU.ActiveCfg = Debug|Any CPU
		{0A0D8377-8C65-45F8-BFEA-43E67FC64BB0}.Debug|Any CPU.Build.0 = Debug|Any CPU
		{0A0D8377-8C65-45F8-BFEA-43E67FC64BB0}.Release|Any CPU.ActiveCfg = Release|Any CPU
		{0A0D8377-8C65-45F8-BFEA-43E67FC64BB0}.Release|Any CPU.Build.0 = Release|Any CPU
		{36B2D4C6-AA14-4F97-A1F9-AE7CDF928AD4}.Debug|Any CPU.ActiveCfg = Debug|Any CPU
		{36B2D4C6-AA14-4F97-A1F9-AE7CDF928AD4}.Debug|Any CPU.Build.0 = Debug|Any CPU
		{36B2D4C6-AA14-4F97-A1F9-AE7CDF928AD4}.Release|Any CPU.ActiveCfg = Release|Any CPU
		{36B2D4C6-AA14-4F97-A1F9-AE7CDF928AD4}.Release|Any CPU.Build.0 = Release|Any CPU
	EndGlobalSection
	GlobalSection(SolutionProperties) = preSolution
		HideSolutionNode = FALSE
	EndGlobalSection
EndGlobal
