
Microsoft Visual Studio Solution File, Format Version 12.00
# Visual Studio Version 17
VisualStudioVersion = 17.0.31903.59
MinimumVisualStudioVersion = 10.0.40219.1
Project("{9A19103F-16F7-4668-BE54-9A1E7A4F7556}") = "HomeNetDaemon.Core", "HomeNetDaemon.Core\HomeNetDaemon.Core.csproj", "{0A0D8377-8C65-45F8-BFEA-43E67FC64BB0}"
EndProject
Project("{9A19103F-16F7-4668-BE54-9A1E7A4F7556}") = "HomeNetDaemon.Access", "HomeNetDaemon.Access\HomeNetDaemon.Access.csproj", "{36B2D4C6-AA14-4F97-A1F9-AE7CDF928AD4}"
EndProject
Project("{FAE04EC0-301F-11D3-BF4B-00C04F79EFBC}") = "HomeNetDaemon.Desktop", "HomeNetDaemon.Desktop\HomeNetDaemon.Desktop.csproj", "{7FDE2EC2-CCC8-449E-A784-2840D2C2774B}"
EndProject
Global
	GlobalSection(SolutionConfigurationPlatforms) = preSolution
		Debug|Any CPU = Debug|Any CPU
		Release|Any CPU = Release|Any CPU
	EndGlobalSection
	GlobalSection(ProjectConfigurationPlatforms) = postSolution
		{0A0D8377-8C65-45F8-BFEA-43E67FC64BB0}.Debug|Any CPU.ActiveCfg = Debug|Any CPU
		{0A0D8377-8C65-45F8-BFEA-43E67FC64BB0}.Debug|Any CPU.Build.0 = Debug|Any CPU
		{0A0D8377-8C65-45F8-BFEA-43E67FC64BB0}.Release|Any CPU.ActiveCfg = Release|Any CPU
		{0A0D8377-8C65-45F8-BFEA-43E67FC64BB0}.Release|Any CPU.Build.0 = Release|Any CPU
		{36B2D4C6-AA14-4F97-A1F9-AE7CDF928AD4}.Debug|Any CPU.ActiveCfg = Debug|Any CPU
		{36B2D4C6-AA14-4F97-A1F9-AE7CDF928AD4}.Debug|Any CPU.Build.0 = Debug|Any CPU
		{36B2D4C6-AA14-4F97-A1F9-AE7CDF928AD4}.Release|Any CPU.ActiveCfg = Release|Any CPU
		{36B2D4C6-AA14-4F97-A1F9-AE7CDF928AD4}.Release|Any CPU.Build.0 = Release|Any CPU
		{7FDE2EC2-CCC8-449E-A784-2840D2C2774B}.Debug|Any CPU.ActiveCfg = Debug|Any CPU
		{7FDE2EC2-CCC8-449E-A784-2840D2C2774B}.Debug|Any CPU.Build.0 = Debug|Any CPU
		{7FDE2EC2-CCC8-449E-A784-2840D2C2774B}.Debug|Any CPU.Deploy.0 = Debug|Any CPU
		{7FDE2EC2-CCC8-449E-A784-2840D2C2774B}.Release|Any CPU.ActiveCfg = Release|Any CPU
		{7FDE2EC2-CCC8-449E-A784-2840D2C2774B}.Release|Any CPU.Build.0 = Release|Any CPU
		{7FDE2EC2-CCC8-449E-A784-2840D2C2774B}.Release|Any CPU.Deploy.0 = Release|Any CPU
	EndGlobalSection
	GlobalSection(SolutionProperties) = preSolution
		HideSolutionNode = FALSE
	EndGlobalSection
	GlobalSection(ExtensibilityGlobals) = postSolution
		SolutionGuid = {3886B6CD-D694-41FA-B3B8-5F052705FDDC}
	EndGlobalSection
EndGlobal
